{
  "name": "utils-repo",
  "version": "1.0.0",
  "lockfileVersion": 3,
  "requires": true,
  "packages": {
    "": {
      "name": "utils-repo",
      "version": "1.0.0",
      "dependencies": {
        "@ghostery/adblocker-playwright": "latest",
        "ghost-cursor-patchright": "^1.0.2",
        "patchright": "latest"
      }
    },
    "node_modules/@ghostery/adblocker": {
      "version": "2.17.3",
      "resolved": "https://registry.npmjs.org/@ghostery/adblocker/-/adblocker-2.17.3.tgz",
      "integrity": "sha512-E2jcCtlkdJFm0gUH1GL+99CgAGudlOpMfpWJqKUL9lfPFbEuw//xypbyLUdTJcz31eBJaHq1ql163dIJ00/m1A==",
      "license": "MPL-2.0",
      "dependencies": {
        "@ghostery/adblocker-content": "^2.17.3",
        "@ghostery/adblocker-extended-selectors": "^2.17.3",
        "@ghostery/url-parser": "^1.3.1",
        "@remusao/guess-url-type": "^2.1.0",
        "@remusao/small": "^2.1.0",
        "@remusao/smaz": "^2.2.0",
        "tldts-experimental": "^7.0.30"
      }
    },
    "node_modules/@ghostery/adblocker-content": {
      "version": "2.17.3",
      "resolved": "https://registry.npmjs.org/@ghostery/adblocker-content/-/adblocker-content-2.17.3.tgz",
      "integrity": "sha512-Fm+hj0zhCkBzn3C3Ha/99dV0IRRW5gCP83ivya2JUgqb8styEBC62EGv6pPWOBEHqSvlLr4EygcWMlSZH4zISg==",
      "license": "MPL-2.0",
      "dependencies": {
        "@ghostery/adblocker-extended-selectors": "^2.17.3"
      }
    },
    "node_modules/@ghostery/adblocker-extended-selectors": {
      "version": "2.17.3",
      "resolved": "https://registry.npmjs.org/@ghostery/adblocker-extended-selectors/-/adblocker-extended-selectors-2.17.3.tgz",
      "integrity": "sha512-LlKTpvD8mscNb6NXPJ0yqLv4qvMP9ZRf33HNuQvQxY+nf4nU+ipYjhoNjvPrKAIrvHtIT4DhE+FeD4pAtp5GXQ==",
      "license": "MPL-2.0"
    },
    "node_modules/@ghostery/adblocker-playwright": {
      "version": "2.17.3",
      "resolved": "https://registry.npmjs.org/@ghostery/adblocker-playwright/-/adblocker-playwright-2.17.3.tgz",
      "integrity": "sha512-kjgGr6zpbmS28qvbtUCwHFMuFwuvrM35/jm7sE8qVhW9Xa+a0awMrMvLNd/JFD+eckC+sMpSFQ1B/nhIWQABRA==",
      "license": "MPL-2.0",
      "dependencies": {
        "@ghostery/adblocker": "^2.17.3",
        "@ghostery/adblocker-content": "^2.17.3",
        "tldts-experimental": "^7.0.30"
      },
      "peerDependencies": {
        "playwright": "^1.x"
      }
    },
    "node_modules/@ghostery/url-parser": {
      "version": "1.3.1",
      "resolved": "https://registry.npmjs.org/@ghostery/url-parser/-/url-parser-1.3.1.tgz",
      "integrity": "sha512-QKqGi+7aDQ4RcyHyCwgEk6B9vWnsBP4Q7htaN0zPJV3ATqTKEQDtSTb9c/AN586oJUDs24YXKcwFYwNweY/YjQ==",
      "license": "MPL-2.0",
      "dependencies": {
        "tldts-experimental": "^7.0.8"
      }
    },
    "node_modules/@remusao/guess-url-type": {
      "version": "2.1.0",
      "resolved": "https://registry.npmjs.org/@remusao/guess-url-type/-/guess-url-type-2.1.0.tgz",
      "integrity": "sha512-zI3dlTUxpjvx2GCxp9nLOSK5yEIqDCpxlAVGwb2Y49RKkS72oeNaxxo+VWS5+XQ5+Mf8Zfp9ZXIlk+G5eoEN8A==",
      "license": "MPL-2.0"
    },
    "node_modules/@remusao/small": {
      "version": "2.1.0",
      "resolved": "https://registry.npmjs.org/@remusao/small/-/small-2.1.0.tgz",
      "integrity": "sha512-Y1kyjZp7JU7dXdyOdxHVNfoTr1XLZJTyQP36/esZUU/WRWq9XY0PV2HsE3CsIHuaTf4pvgWv2pvzvnZ//UHIJQ==",
      "license": "MPL-2.0"
    },
    "node_modules/@remusao/smaz": {
      "version": "2.2.0",
      "resolved": "https://registry.npmjs.org/@remusao/smaz/-/smaz-2.2.0.tgz",
      "integrity": "sha512-eSd3Qs0ELP/e7tU1SI5RWXcCn9KjDgvBY+KtWbL4i2QvvHhJOfdIt4v0AA3S5BbLWAr5dCEC7C4LUfogDm6q/Q==",
      "license": "MPL-2.0",
      "dependencies": {
        "@remusao/smaz-compress": "^2.2.0",
        "@remusao/smaz-decompress": "^2.2.0"
      }
    },
    "node_modules/@remusao/smaz-compress": {
      "version": "2.2.0",
      "resolved": "https://registry.npmjs.org/@remusao/smaz-compress/-/smaz-compress-2.2.0.tgz",
      "integrity": "sha512-TXpTPgILRUYOt2rEe0+9PC12xULPvBqeMpmipzB9A7oM4fa9Ztvy9lLYzPTd7tiQEeoNa1pmxihpKfJtsxnM/w==",
      "license": "MPL-2.0",
      "dependencies": {
        "@remusao/trie": "^2.1.0"
      }
    },
    "node_modules/@remusao/smaz-decompress": {
      "version": "2.2.0",
      "resolved": "https://registry.npmjs.org/@remusao/smaz-decompress/-/smaz-decompress-2.2.0.tgz",
      "integrity": "sha512-ERAPwxPaA0/yg4hkNU7T2S+lnp9jj1sApcQMtOyROvOQyo+Zuh6Hn/oRcXr8mmjlYzyRaC7E6r3mT1nrdHR6pg==",
      "license": "MPL-2.0"
    },
    "node_modules/@remusao/trie": {
      "version": "2.1.0",
      "resolved": "https://registry.npmjs.org/@remusao/trie/-/trie-2.1.0.tgz",
      "integrity": "sha512-Er3Q8q0/2OcCJPQYJOPLmCuqO0wu7cav3SPtpjlxSbjFi1x+A1pZkkLD6c9q2rGEkGW/tkrRzfrhNMt8VQjzXg==",
      "license": "MPL-2.0"
    },
    "node_modules/@types/bezier-js": {
      "version": "4.1.3",
      "resolved": "https://registry.npmjs.org/@types/bezier-js/-/bezier-js-4.1.3.tgz",
      "integrity": "sha512-FNVVCu5mx/rJCWBxLTcL7oOajmGtWtBTDjq6DSUWUI12GeePivrZZXz+UgE0D6VYsLEjvExRO03z4hVtu3pTEQ==",
      "license": "MIT"
    },
    "node_modules/bezier-js": {
      "version": "6.1.4",
      "resolved": "https://registry.npmjs.org/bezier-js/-/bezier-js-6.1.4.tgz",
      "integrity": "sha512-PA0FW9ZpcHbojUCMu28z9Vg/fNkwTj5YhusSAjHHDfHDGLxJ6YUKrAN2vk1fP2MMOxVw4Oko16FMlRGVBGqLKg==",
      "license": "MIT",
      "funding": {
        "type": "individual",
        "url": "https://github.com/Pomax/bezierjs/blob/master/FUNDING.md"
      }
    },
    "node_modules/debug": {
      "version": "4.4.3",
      "resolved": "https://registry.npmjs.org/debug/-/debug-4.4.3.tgz",
      "integrity": "sha512-RGwwWnwQvkVfavKVt22FGLw+xYSdzARwm0ru6DhTVA3umU5hZc28V3kO4stgYryrTlLpuvgI9GiijltAjNbcqA==",
      "license": "MIT",
      "dependencies": {
        "ms": "^2.1.3"
      },
      "engines": {
        "node": ">=6.0"
      },
      "peerDependenciesMeta": {
        "supports-color": {
          "optional": true
        }
      }
    },
    "node_modules/fsevents": {
      "version": "2.3.2",
      "resolved": "https://registry.npmjs.org/fsevents/-/fsevents-2.3.2.tgz",
      "integrity": "sha512-xiqMQR4xAeHTuB9uWm+fFRcIOgKBMiOBP+eXiyT7jsgVCq1bkVygt00oASowB7EdtpOHaaPgKt812P9ab+DDKA==",
      "hasInstallScript": true,
      "license": "MIT",
      "optional": true,
      "os": [
        "darwin"
      ],
      "engines": {
        "node": "^8.16.0 || ^10.6.0 || >=11.0.0"
      }
    },
    "node_modules/ghost-cursor-patchright": {
      "version": "1.0.2",
      "resolved": "https://registry.npmjs.org/ghost-cursor-patchright/-/ghost-cursor-patchright-1.0.2.tgz",
      "integrity": "sha512-ecUId8ZJEEB+NQHpDgyH2Rw89jPhpCFt2dHaU/HMD2dYNpnBDlkbZJuT6Ze40amhXRZ458cuPOlgQqzuS25y5A==",
      "license": "ISC",
      "dependencies": {
        "@types/bezier-js": "4",
        "bezier-js": "^6.1.4",
        "debug": "^4.4.3"
      },
      "peerDependencies": {
        "patchright": ">=1.0.0"
      },
      "peerDependenciesMeta": {
        "patchright": {
          "optional": true
        }
      }
    },
    "node_modules/ms": {
      "version": "2.1.3",
      "resolved": "https://registry.npmjs.org/ms/-/ms-2.1.3.tgz",
      "integrity": "sha512-6FlzubTLZG3J2a/NVCAleEhjzq5oxgHyaCU9yYXvcLsvoVaHJq/s5xXI6/XXP6tz7R9xAOtHnSO/tXtF3WRTlA==",
      "license": "MIT"
    },
    "node_modules/patchright": {
      "version": "1.60.0",
      "resolved": "https://registry.npmjs.org/patchright/-/patchright-1.60.0.tgz",
      "integrity": "sha512-DxZYjXbSI7w3RNwAFFOveEM0MR61NI7NcjROELvpzZivBQ2PFQvNGOIfiXLptuXnZX60vo1GfMbPmp2qW+1aZQ==",
      "license": "Apache-2.0",
      "dependencies": {
        "patchright-core": "1.60.0"
      },
      "bin": {
        "patchright": "cli.js"
      },
      "engines": {
        "node": ">=18"
      },
      "optionalDependencies": {
        "fsevents": "2.3.2"
      }
    },
    "node_modules/patchright-core": {
      "version": "1.60.0",
      "resolved": "https://registry.npmjs.org/patchright-core/-/patchright-core-1.60.0.tgz",
      "integrity": "sha512-EzMcNVRq/YL4gMkUnc3DwY4KOfW5VKa/IDz3X/2lYp5w0AQpZEpH4AKTzh0EfmoHowyf6YAlmVEhIjz+5BM5Hg==",
      "license": "Apache-2.0",
      "bin": {
        "patchright-core": "cli.js"
      },
      "engines": {
        "node": ">=18"
      }
    },
    "node_modules/playwright": {
      "version": "1.60.0",
      "resolved": "https://registry.npmjs.org/playwright/-/playwright-1.60.0.tgz",
      "integrity": "sha512-hheHdokM8cdqCb0lcE3s+zT4t4W+vvjpGxsZlDnikarzx8tSzMebh3UiFtgqwFwnTnjYQcsyMF8ei2mCO/tpeA==",
      "license": "Apache-2.0",
      "peer": true,
      "dependencies": {
        "playwright-core": "1.60.0"
      },
      "bin": {
        "playwright": "cli.js"
      },
      "engines": {
        "node": ">=18"
      },
      "optionalDependencies": {
        "fsevents": "2.3.2"
      }
    },
    "node_modules/playwright-core": {
      "version": "1.60.0",
      "resolved": "https://registry.npmjs.org/playwright-core/-/playwright-core-1.60.0.tgz",
      "integrity": "sha512-9bW6zvX/m0lEbgTKJ6YppOKx8H3VOPBMOCFh2irXFOT4BbHgrx5hPjwJYLT40Lu+4qtD36qKc/Hn56StUW57IA==",
      "license": "Apache-2.0",
      "peer": true,
      "bin": {
        "playwright-core": "cli.js"
      },
      "engines": {
        "node": ">=18"
      }
    },
    "node_modules/tldts-core": {
      "version": "7.0.30",
      "resolved": "https://registry.npmjs.org/tldts-core/-/tldts-core-7.0.30.tgz",
      "integrity": "sha512-uiHN8PIB1VmWyS98eZYja4xzlYqeFZVjb4OuYlJQnZAuJhMw4PbKQOKgHKhBdJR3FE/t5mUQ1Kd80++B+qhD1Q==",
      "license": "MIT"
    },
    "node_modules/tldts-experimental": {
      "version": "7.0.30",
      "resolved": "https://registry.npmjs.org/tldts-experimental/-/tldts-experimental-7.0.30.tgz",
      "integrity": "sha512-r5Y5PHuJg96xNfYJd71fxFT4EJvSs2gsZ1iilGR+xH1vwJpUWQ5CwT2ZwAZ0q8Lo9sdiijX2/zSQ6X+2YojGFg==",
      "license": "MIT",
      "dependencies": {
        "tldts-core": "^7.0.30"
      }
    }
  }
}
